
Microsoft Visual Studio Solution File, Format Version 12.00
# Visual Studio Version 16
VisualStudioVersion = 16.0.30204.135
MinimumVisualStudioVersion = 10.0.40219.1
Project("{FAE04EC0-301F-11D3-BF4B-00C04F79EFBC}") = "1.1.1", "1.1.1\1.1.1.csproj", "{C7BCEAC2-1AAB-4427-ABF1-B2D6D48E8E05}"
EndProject
Project("{FAE04EC0-301F-11D3-BF4B-00C04F79EFBC}") = "1.1.2_TRIANGLE_", "1.1.2_TRIANGLE_\1.1.2_TRIANGLE_.csproj", "{0AE778CB-7A8E-41C4-9E64-CCADFFDAD5C2}"
EndProject
Project("{FAE04EC0-301F-11D3-BF4B-00C04F79EFBC}") = "1.1.3_ANOTHER_TRIANGLE_", "1.1.3_ANOTHER_TRIANGLE_\1.1.3_ANOTHER_TRIANGLE_.csproj", "{EAB4085F-1ADF-4C6B-B736-1E3A206F05CD}"
EndProject
Project("{FAE04EC0-301F-11D3-BF4B-00C04F79EFBC}") = "1.1.4_X-MAS TREE_", "1.1.4_X-MAS TREE_\1.1.4_X-MAS TREE_.csproj", "{F9376BBD-AFD2-4E9C-A70E-9BF262D5D58D}"
EndProject
Project("{FAE04EC0-301F-11D3-BF4B-00C04F79EFBC}") = "1.1.5_SUM_OF_NUMBERS", "1.1.5_SUM_OF_NUMBERS\1.1.5_SUM_OF_NUMBERS.csproj", "{0C949BFD-2E45-4804-9DC6-783B452E0CF5}"
EndProject
Project("{FAE04EC0-301F-11D3-BF4B-00C04F79EFBC}") = "1.1.6. FONT ADJUSTMENT", "1.1.6. FONT ADJUSTMENT\1.1.6. FONT ADJUSTMENT.csproj", "{561BC34E-559C-48C6-932B-70B665AD6A38}"
EndProject
Project("{FAE04EC0-301F-11D3-BF4B-00C04F79EFBC}") = "1.1.7_ARRAY_PROCESSING", "1.1.7_ARRAY_PROCESSING\1.1.7_ARRAY_PROCESSING.csproj", "{715EEA07-FA81-410D-B937-EE330068F810}"
EndProject
Project("{FAE04EC0-301F-11D3-BF4B-00C04F79EFBC}") = "1.1.8. NO POSITIVE", "1.1.8. NO POSITIVE\1.1.8. NO POSITIVE.csproj", "{5D5F8225-3BD0-4998-A7BB-42839087B885}"
EndProject
Project("{FAE04EC0-301F-11D3-BF4B-00C04F79EFBC}") = "1.1.9. NON-NEGATIVE SUM", "1.1.9. NON-NEGATIVE SUM\1.1.9. NON-NEGATIVE SUM.csproj", "{56BB2658-03E8-4FAF-942B-AC98076D3DCB}"
EndProject
Project("{FAE04EC0-301F-11D3-BF4B-00C04F79EFBC}") = "1.1.10. 2D ARRAY", "1.1.10. 2D ARRAY\1.1.10. 2D ARRAY.csproj", "{190444F0-375A-40CC-9DE3-BB1C75694F5E}"
EndProject
Project("{FAE04EC0-301F-11D3-BF4B-00C04F79EFBC}") = "1.2.1. AVERAGES", "1.2.1. AVERAGES\1.2.1. AVERAGES.csproj", "{E1FC3762-8650-49E2-B531-24C2D8FA6292}"
EndProject
Project("{FAE04EC0-301F-11D3-BF4B-00C04F79EFBC}") = "1.2.2. DOUBLER", "1.2.2. DOUBLER\1.2.2. DOUBLER.csproj", "{E40F6401-D990-4BA2-A2C7-D57E0F733804}"
EndProject
Project("{FAE04EC0-301F-11D3-BF4B-00C04F79EFBC}") = "1.2.3. LOWERCASE", "1.2.3. LOWERCASE\1.2.3. LOWERCASE.csproj", "{3A9F3895-EF87-4792-9938-15040D08050F}"
EndProject
Project("{FAE04EC0-301F-11D3-BF4B-00C04F79EFBC}") = "1.2.4. VALIDATOR", "1.2.4. VALIDATOR\1.2.4. VALIDATOR.csproj", "{CABBE3C9-C247-4B9E-9E40-80E595F29AC7}"
EndProject
Global
	GlobalSection(SolutionConfigurationPlatforms) = preSolution
		Debug|Any CPU = Debug|Any CPU
		Release|Any CPU = Release|Any CPU
	EndGlobalSection
	GlobalSection(ProjectConfigurationPlatforms) = postSolution
		{C7BCEAC2-1AAB-4427-ABF1-B2D6D48E8E05}.Debug|Any CPU.ActiveCfg = Debug|Any CPU
		{C7BCEAC2-1AAB-4427-ABF1-B2D6D48E8E05}.Debug|Any CPU.Build.0 = Debug|Any CPU
		{C7BCEAC2-1AAB-4427-ABF1-B2D6D48E8E05}.Release|Any CPU.ActiveCfg = Release|Any CPU
		{C7BCEAC2-1AAB-4427-ABF1-B2D6D48E8E05}.Release|Any CPU.Build.0 = Release|Any CPU
		{0AE778CB-7A8E-41C4-9E64-CCADFFDAD5C2}.Debug|Any CPU.ActiveCfg = Debug|Any CPU
		{0AE778CB-7A8E-41C4-9E64-CCADFFDAD5C2}.Debug|Any CPU.Build.0 = Debug|Any CPU
		{0AE778CB-7A8E-41C4-9E64-CCADFFDAD5C2}.Release|Any CPU.ActiveCfg = Release|Any CPU
		{0AE778CB-7A8E-41C4-9E64-CCADFFDAD5C2}.Release|Any CPU.Build.0 = Release|Any CPU
		{EAB4085F-1ADF-4C6B-B736-1E3A206F05CD}.Debug|Any CPU.ActiveCfg = Debug|Any CPU
		{EAB4085F-1ADF-4C6B-B736-1E3A206F05CD}.Debug|Any CPU.Build.0 = Debug|Any CPU
		{EAB4085F-1ADF-4C6B-B736-1E3A206F05CD}.Release|Any CPU.ActiveCfg = Release|Any CPU
		{EAB4085F-1ADF-4C6B-B736-1E3A206F05CD}.Release|Any CPU.Build.0 = Release|Any CPU
		{F9376BBD-AFD2-4E9C-A70E-9BF262D5D58D}.Debug|Any CPU.ActiveCfg = Debug|Any CPU
		{F9376BBD-AFD2-4E9C-A70E-9BF262D5D58D}.Debug|Any CPU.Build.0 = Debug|Any CPU
		{F9376BBD-AFD2-4E9C-A70E-9BF262D5D58D}.Release|Any CPU.ActiveCfg = Release|Any CPU
		{F9376BBD-AFD2-4E9C-A70E-9BF262D5D58D}.Release|Any CPU.Build.0 = Release|Any CPU
		{0C949BFD-2E45-4804-9DC6-783B452E0CF5}.Debug|Any CPU.ActiveCfg = Debug|Any CPU
		{0C949BFD-2E45-4804-9DC6-783B452E0CF5}.Debug|Any CPU.Build.0 = Debug|Any CPU
		{0C949BFD-2E45-4804-9DC6-783B452E0CF5}.Release|Any CPU.ActiveCfg = Release|Any CPU
		{0C949BFD-2E45-4804-9DC6-783B452E0CF5}.Release|Any CPU.Build.0 = Release|Any CPU
		{561BC34E-559C-48C6-932B-70B665AD6A38}.Debug|Any CPU.ActiveCfg = Debug|Any CPU
		{561BC34E-559C-48C6-932B-70B665AD6A38}.Debug|Any CPU.Build.0 = Debug|Any CPU
		{561BC34E-559C-48C6-932B-70B665AD6A38}.Release|Any CPU.ActiveCfg = Release|Any CPU
		{561BC34E-559C-48C6-932B-70B665AD6A38}.Release|Any CPU.Build.0 = Release|Any CPU
		{715EEA07-FA81-410D-B937-EE330068F810}.Debug|Any CPU.ActiveCfg = Debug|Any CPU
		{715EEA07-FA81-410D-B937-EE330068F810}.Debug|Any CPU.Build.0 = Debug|Any CPU
		{715EEA07-FA81-410D-B937-EE330068F810}.Release|Any CPU.ActiveCfg = Release|Any CPU
		{715EEA07-FA81-410D-B937-EE330068F810}.Release|Any CPU.Build.0 = Release|Any CPU
		{5D5F8225-3BD0-4998-A7BB-42839087B885}.Debug|Any CPU.ActiveCfg = Debug|Any CPU
		{5D5F8225-3BD0-4998-A7BB-42839087B885}.Debug|Any CPU.Build.0 = Debug|Any CPU
		{5D5F8225-3BD0-4998-A7BB-42839087B885}.Release|Any CPU.ActiveCfg = Release|Any CPU
		{5D5F8225-3BD0-4998-A7BB-42839087B885}.Release|Any CPU.Build.0 = Release|Any CPU
		{56BB2658-03E8-4FAF-942B-AC98076D3DCB}.Debug|Any CPU.ActiveCfg = Debug|Any CPU
		{56BB2658-03E8-4FAF-942B-AC98076D3DCB}.Debug|Any CPU.Build.0 = Debug|Any CPU
		{56BB2658-03E8-4FAF-942B-AC98076D3DCB}.Release|Any CPU.ActiveCfg = Release|Any CPU
		{56BB2658-03E8-4FAF-942B-AC98076D3DCB}.Release|Any CPU.Build.0 = Release|Any CPU
		{190444F0-375A-40CC-9DE3-BB1C75694F5E}.Debug|Any CPU.ActiveCfg = Debug|Any CPU
		{190444F0-375A-40CC-9DE3-BB1C75694F5E}.Debug|Any CPU.Build.0 = Debug|Any CPU
		{190444F0-375A-40CC-9DE3-BB1C75694F5E}.Release|Any CPU.ActiveCfg = Release|Any CPU
		{190444F0-375A-40CC-9DE3-BB1C75694F5E}.Release|Any CPU.Build.0 = Release|Any CPU
		{E1FC3762-8650-49E2-B531-24C2D8FA6292}.Debug|Any CPU.ActiveCfg = Debug|Any CPU
		{E1FC3762-8650-49E2-B531-24C2D8FA6292}.Debug|Any CPU.Build.0 = Debug|Any CPU
		{E1FC3762-8650-49E2-B531-24C2D8FA6292}.Release|Any CPU.ActiveCfg = Release|Any CPU
		{E1FC3762-8650-49E2-B531-24C2D8FA6292}.Release|Any CPU.Build.0 = Release|Any CPU
		{E40F6401-D990-4BA2-A2C7-D57E0F733804}.Debug|Any CPU.ActiveCfg = Debug|Any CPU
		{E40F6401-D990-4BA2-A2C7-D57E0F733804}.Debug|Any CPU.Build.0 = Debug|Any CPU
		{E40F6401-D990-4BA2-A2C7-D57E0F733804}.Release|Any CPU.ActiveCfg = Release|Any CPU
		{E40F6401-D990-4BA2-A2C7-D57E0F733804}.Release|Any CPU.Build.0 = Release|Any CPU
		{3A9F3895-EF87-4792-9938-15040D08050F}.Debug|Any CPU.ActiveCfg = Debug|Any CPU
		{3A9F3895-EF87-4792-9938-15040D08050F}.Debug|Any CPU.Build.0 = Debug|Any CPU
		{3A9F3895-EF87-4792-9938-15040D08050F}.Release|Any CPU.ActiveCfg = Release|Any CPU
		{3A9F3895-EF87-4792-9938-15040D08050F}.Release|Any CPU.Build.0 = Release|Any CPU
		{CABBE3C9-C247-4B9E-9E40-80E595F29AC7}.Debug|Any CPU.ActiveCfg = Debug|Any CPU
		{CABBE3C9-C247-4B9E-9E40-80E595F29AC7}.Debug|Any CPU.Build.0 = Debug|Any CPU
		{CABBE3C9-C247-4B9E-9E40-80E595F29AC7}.Release|Any CPU.ActiveCfg = Release|Any CPU
		{CABBE3C9-C247-4B9E-9E40-80E595F29AC7}.Release|Any CPU.Build.0 = Release|Any CPU
	EndGlobalSection
	GlobalSection(SolutionProperties) = preSolution
		HideSolutionNode = FALSE
	EndGlobalSection
	GlobalSection(ExtensibilityGlobals) = postSolution
		SolutionGuid = {44760229-9E8B-42E2-8CF5-B502F9AB5078}
	EndGlobalSection
EndGlobal
